
Microsoft Visual Studio Solution File, Format Version 12.00
# Visual Studio 15
VisualStudioVersion = 15.0.27428.2015
MinimumVisualStudioVersion = 10.0.40219.1
Project("{888888A0-9F3D-457C-B088-3A5042F75D52}") = "Transcriber", "Transcriber\Transcriber.pyproj", "{BB60F309-C228-489B-B827-5AE731EE5C7F}"
EndProject
Global
	GlobalSection(SolutionConfigurationPlatforms) = preSolution
		Debug|Any CPU = Debug|Any CPU
		Release|Any CPU = Release|Any CPU
	EndGlobalSection
	GlobalSection(ProjectConfigurationPlatforms) = postSolution
		{BB60F309-C228-489B-B827-5AE731EE5C7F}.Debug|Any CPU.ActiveCfg = Debug|Any CPU
		{BB60F309-C228-489B-B827-5AE731EE5C7F}.Release|Any CPU.ActiveCfg = Release|Any CPU
	EndGlobalSection
	GlobalSection(SolutionProperties) = preSolution
		HideSolutionNode = FALSE
	EndGlobalSection
	GlobalSection(ExtensibilityGlobals) = postSolution
		SolutionGuid = {C0C594B9-ACC5-4149-B1B6-1AF4DE5DC211}
	EndGlobalSection
EndGlobal
